{
	"name": "rotaract-appointments",
	"lockfileVersion": 3,
	"requires": true,
	"packages": {
		"": {
			"name": "rotaract-appointments",
			"license": "EUPL-1.2",
			"dependencies": {
				"@fullcalendar/icalendar": "^6.1.15",
				"@meilisearch/instant-meilisearch": "^0.23.0",
				"fullcalendar": "^6.1.15",
				"ical.js": "^1.5.0",
				"instantsearch.js": "^4.77.0",
				"marked": "^15.0.6",
				"tippy.js": "^6.3.7"
			},
			"devDependencies": {
				"jshint": "^2.13.6"
			}
		},
		"node_modules/@algolia/client-abtesting": {
			"version": "5.19.0",
			"resolved": "https://registry.npmjs.org/@algolia/client-abtesting/-/client-abtesting-5.19.0.tgz",
			"integrity": "sha512-dMHwy2+nBL0SnIsC1iHvkBao64h4z+roGelOz11cxrDBrAdASxLxmfVMop8gmodQ2yZSacX0Rzevtxa+9SqxCw==",
			"peer": true,
			"dependencies": {
				"@algolia/client-common": "5.19.0",
				"@algolia/requester-browser-xhr": "5.19.0",
				"@algolia/requester-fetch": "5.19.0",
				"@algolia/requester-node-http": "5.19.0"
			},
			"engines": {
				"node": ">= 14.0.0"
			}
		},
		"node_modules/@algolia/client-analytics": {
			"version": "5.19.0",
			"resolved": "https://registry.npmjs.org/@algolia/client-analytics/-/client-analytics-5.19.0.tgz",
			"integrity": "sha512-CDW4RwnCHzU10upPJqS6N6YwDpDHno7w6/qXT9KPbPbt8szIIzCHrva4O9KIfx1OhdsHzfGSI5hMAiOOYl4DEQ==",
			"peer": true,
			"dependencies": {
				"@algolia/client-common": "5.19.0",
				"@algolia/requester-browser-xhr": "5.19.0",
				"@algolia/requester-fetch": "5.19.0",
				"@algolia/requester-node-http": "5.19.0"
			},
			"engines": {
				"node": ">= 14.0.0"
			}
		},
		"node_modules/@algolia/client-common": {
			"version": "5.19.0",
			"resolved": "https://registry.npmjs.org/@algolia/client-common/-/client-common-5.19.0.tgz",
			"integrity": "sha512-2ERRbICHXvtj5kfFpY5r8qu9pJII/NAHsdgUXnUitQFwPdPL7wXiupcvZJC7DSntOnE8AE0lM7oDsPhrJfj5nQ==",
			"peer": true,
			"engines": {
				"node": ">= 14.0.0"
			}
		},
		"node_modules/@algolia/client-insights": {
			"version": "5.19.0",
			"resolved": "https://registry.npmjs.org/@algolia/client-insights/-/client-insights-5.19.0.tgz",
			"integrity": "sha512-xPOiGjo6I9mfjdJO7Y+p035aWePcbsItizIp+qVyfkfZiGgD+TbNxM12g7QhFAHIkx/mlYaocxPY/TmwPzTe+A==",
			"peer": true,
			"dependencies": {
				"@algolia/client-common": "5.19.0",
				"@algolia/requester-browser-xhr": "5.19.0",
				"@algolia/requester-fetch": "5.19.0",
				"@algolia/requester-node-http": "5.19.0"
			},
			"engines": {
				"node": ">= 14.0.0"
			}
		},
		"node_modules/@algolia/client-personalization": {
			"version": "5.19.0",
			"resolved": "https://registry.npmjs.org/@algolia/client-personalization/-/client-personalization-5.19.0.tgz",
			"integrity": "sha512-B9eoce/fk8NLboGje+pMr72pw+PV7c5Z01On477heTZ7jkxoZ4X92dobeGuEQop61cJ93Gaevd1of4mBr4hu2A==",
			"peer": true,
			"dependencies": {
				"@algolia/client-common": "5.19.0",
				"@algolia/requester-browser-xhr": "5.19.0",
				"@algolia/requester-fetch": "5.19.0",
				"@algolia/requester-node-http": "5.19.0"
			},
			"engines": {
				"node": ">= 14.0.0"
			}
		},
		"node_modules/@algolia/client-query-suggestions": {
			"version": "5.19.0",
			"resolved": "https://registry.npmjs.org/@algolia/client-query-suggestions/-/client-query-suggestions-5.19.0.tgz",
			"integrity": "sha512-6fcP8d4S8XRDtVogrDvmSM6g5g6DndLc0pEm1GCKe9/ZkAzCmM3ZmW1wFYYPxdjMeifWy1vVEDMJK7sbE4W7MA==",
			"peer": true,
			"dependencies": {
				"@algolia/client-common": "5.19.0",
				"@algolia/requester-browser-xhr": "5.19.0",
				"@algolia/requester-fetch": "5.19.0",
				"@algolia/requester-node-http": "5.19.0"
			},
			"engines": {
				"node": ">= 14.0.0"
			}
		},
		"node_modules/@algolia/client-search": {
			"version": "5.19.0",
			"resolved": "https://registry.npmjs.org/@algolia/client-search/-/client-search-5.19.0.tgz",
			"integrity": "sha512-Ctg3xXD/1VtcwmkulR5+cKGOMj4r0wC49Y/KZdGQcqpydKn+e86F6l3tb3utLJQVq4lpEJud6kdRykFgcNsp8Q==",
			"peer": true,
			"dependencies": {
				"@algolia/client-common": "5.19.0",
				"@algolia/requester-browser-xhr": "5.19.0",
				"@algolia/requester-fetch": "5.19.0",
				"@algolia/requester-node-http": "5.19.0"
			},
			"engines": {
				"node": ">= 14.0.0"
			}
		},
		"node_modules/@algolia/events": {
			"version": "4.0.1",
			"resolved": "https://registry.npmjs.org/@algolia/events/-/events-4.0.1.tgz",
			"integrity": "sha512-FQzvOCgoFXAbf5Y6mYozw2aj5KCJoA3m4heImceldzPSMbdyS4atVjJzXKMsfX3wnZTFYwkkt8/z8UesLHlSBQ=="
		},
		"node_modules/@algolia/ingestion": {
			"version": "1.19.0",
			"resolved": "https://registry.npmjs.org/@algolia/ingestion/-/ingestion-1.19.0.tgz",
			"integrity": "sha512-LO7w1MDV+ZLESwfPmXkp+KLeYeFrYEgtbCZG6buWjddhYraPQ9MuQWLhLLiaMlKxZ/sZvFTcZYuyI6Jx4WBhcg==",
			"peer": true,
			"dependencies": {
				"@algolia/client-common": "5.19.0",
				"@algolia/requester-browser-xhr": "5.19.0",
				"@algolia/requester-fetch": "5.19.0",
				"@algolia/requester-node-http": "5.19.0"
			},
			"engines": {
				"node": ">= 14.0.0"
			}
		},
		"node_modules/@algolia/monitoring": {
			"version": "1.19.0",
			"resolved": "https://registry.npmjs.org/@algolia/monitoring/-/monitoring-1.19.0.tgz",
			"integrity": "sha512-Mg4uoS0aIKeTpu6iv6O0Hj81s8UHagi5TLm9k2mLIib4vmMtX7WgIAHAcFIaqIZp5D6s5EVy1BaDOoZ7buuJHA==",
			"peer": true,
			"dependencies": {
				"@algolia/client-common": "5.19.0",
				"@algolia/requester-browser-xhr": "5.19.0",
				"@algolia/requester-fetch": "5.19.0",
				"@algolia/requester-node-http": "5.19.0"
			},
			"engines": {
				"node": ">= 14.0.0"
			}
		},
		"node_modules/@algolia/recommend": {
			"version": "5.19.0",
			"resolved": "https://registry.npmjs.org/@algolia/recommend/-/recommend-5.19.0.tgz",
			"integrity": "sha512-PbgrMTbUPlmwfJsxjFhal4XqZO2kpBNRjemLVTkUiti4w/+kzcYO4Hg5zaBgVqPwvFDNQ8JS4SS3TBBem88u+g==",
			"peer": true,
			"dependencies": {
				"@algolia/client-common": "5.19.0",
				"@algolia/requester-browser-xhr": "5.19.0",
				"@algolia/requester-fetch": "5.19.0",
				"@algolia/requester-node-http": "5.19.0"
			},
			"engines": {
				"node": ">= 14.0.0"
			}
		},
		"node_modules/@algolia/requester-browser-xhr": {
			"version": "5.19.0",
			"resolved": "https://registry.npmjs.org/@algolia/requester-browser-xhr/-/requester-browser-xhr-5.19.0.tgz",
			"integrity": "sha512-GfnhnQBT23mW/VMNs7m1qyEyZzhZz093aY2x8p0era96MMyNv8+FxGek5pjVX0b57tmSCZPf4EqNCpkGcGsmbw==",
			"peer": true,
			"dependencies": {
				"@algolia/client-common": "5.19.0"
			},
			"engines": {
				"node": ">= 14.0.0"
			}
		},
		"node_modules/@algolia/requester-fetch": {
			"version": "5.19.0",
			"resolved": "https://registry.npmjs.org/@algolia/requester-fetch/-/requester-fetch-5.19.0.tgz",
			"integrity": "sha512-oyTt8ZJ4T4fYvW5avAnuEc6Laedcme9fAFryMD9ndUTIUe/P0kn3BuGcCLFjN3FDmdrETHSFkgPPf1hGy3sLCw==",
			"peer": true,
			"dependencies": {
				"@algolia/client-common": "5.19.0"
			},
			"engines": {
				"node": ">= 14.0.0"
			}
		},
		"node_modules/@algolia/requester-node-http": {
			"version": "5.19.0",
			"resolved": "https://registry.npmjs.org/@algolia/requester-node-http/-/requester-node-http-5.19.0.tgz",
			"integrity": "sha512-p6t8ue0XZNjcRiqNkb5QAM0qQRAKsCiebZ6n9JjWA+p8fWf8BvnhO55y2fO28g3GW0Imj7PrAuyBuxq8aDVQwQ==",
			"peer": true,
			"dependencies": {
				"@algolia/client-common": "5.19.0"
			},
			"engines": {
				"node": ">= 14.0.0"
			}
		},
		"node_modules/@babel/runtime": {
			"version": "7.26.0",
			"resolved": "https://registry.npmjs.org/@babel/runtime/-/runtime-7.26.0.tgz",
			"integrity": "sha512-FDSOghenHTiToteC/QRlv2q3DhPZ/oOXTBoirfWNx1Cx3TMVcGWQtMMmQcSvb/JjpNeGzx8Pq/b4fKEJuWm1sw==",
			"dependencies": {
				"regenerator-runtime": "^0.14.0"
			},
			"engines": {
				"node": ">=6.9.0"
			}
		},
		"node_modules/@fullcalendar/core": {
			"version": "6.1.15",
			"resolved": "https://registry.npmjs.org/@fullcalendar/core/-/core-6.1.15.tgz",
			"integrity": "sha512-BuX7o6ALpLb84cMw1FCB9/cSgF4JbVO894cjJZ6kP74jzbUZNjtwffwRdA+Id8rrLjT30d/7TrkW90k4zbXB5Q==",
			"dependencies": {
				"preact": "~10.12.1"
			}
		},
		"node_modules/@fullcalendar/daygrid": {
			"version": "6.1.15",
			"resolved": "https://registry.npmjs.org/@fullcalendar/daygrid/-/daygrid-6.1.15.tgz",
			"integrity": "sha512-j8tL0HhfiVsdtOCLfzK2J0RtSkiad3BYYemwQKq512cx6btz6ZZ2RNc/hVnIxluuWFyvx5sXZwoeTJsFSFTEFA==",
			"peerDependencies": {
				"@fullcalendar/core": "~6.1.15"
			}
		},
		"node_modules/@fullcalendar/icalendar": {
			"version": "6.1.15",
			"resolved": "https://registry.npmjs.org/@fullcalendar/icalendar/-/icalendar-6.1.15.tgz",
			"integrity": "sha512-iroDc02fjxWCEYE9Lg8x+4HCJTrt04ZgDddwm0LLaWUbtx24rEcnzJP34NUx0KOTLsBjel6U/33lXvU9qDCrhg==",
			"peerDependencies": {
				"@fullcalendar/core": "~6.1.15",
				"ical.js": "^1.4.0"
			}
		},
		"node_modules/@fullcalendar/interaction": {
			"version": "6.1.15",
			"resolved": "https://registry.npmjs.org/@fullcalendar/interaction/-/interaction-6.1.15.tgz",
			"integrity": "sha512-DOTSkofizM7QItjgu7W68TvKKvN9PSEEvDJceyMbQDvlXHa7pm/WAVtAc6xSDZ9xmB1QramYoWGLHkCYbTW1rQ==",
			"peerDependencies": {
				"@fullcalendar/core": "~6.1.15"
			}
		},
		"node_modules/@fullcalendar/list": {
			"version": "6.1.15",
			"resolved": "https://registry.npmjs.org/@fullcalendar/list/-/list-6.1.15.tgz",
			"integrity": "sha512-U1bce04tYDwkFnuVImJSy2XalYIIQr6YusOWRPM/5ivHcJh67Gm8CIMSWpi3KdRSNKFkqBxLPkfZGBMaOcJYug==",
			"peerDependencies": {
				"@fullcalendar/core": "~6.1.15"
			}
		},
		"node_modules/@fullcalendar/multimonth": {
			"version": "6.1.15",
			"resolved": "https://registry.npmjs.org/@fullcalendar/multimonth/-/multimonth-6.1.15.tgz",
			"integrity": "sha512-sEZY6jbOYkeF9TwhUldG+UUVv+hiPlGkS8zZEgPR7ypcjhipyA03c5rPjx7N6huOHqh6lCMH59zlohLooQRlaw==",
			"dependencies": {
				"@fullcalendar/daygrid": "~6.1.15"
			},
			"peerDependencies": {
				"@fullcalendar/core": "~6.1.15"
			}
		},
		"node_modules/@fullcalendar/timegrid": {
			"version": "6.1.15",
			"resolved": "https://registry.npmjs.org/@fullcalendar/timegrid/-/timegrid-6.1.15.tgz",
			"integrity": "sha512-61ORr3A148RtxQ2FNG7JKvacyA/TEVZ7z6I+3E9Oeu3dqTf6M928bFcpehRTIK6zIA6Yifs7BeWHgOE9dFnpbw==",
			"dependencies": {
				"@fullcalendar/daygrid": "~6.1.15"
			},
			"peerDependencies": {
				"@fullcalendar/core": "~6.1.15"
			}
		},
		"node_modules/@meilisearch/instant-meilisearch": {
			"version": "0.23.0",
			"resolved": "https://registry.npmjs.org/@meilisearch/instant-meilisearch/-/instant-meilisearch-0.23.0.tgz",
			"integrity": "sha512-KXyTZ7HEj4EQzROSno0k7BeijHS0YQu5AIH76OWcuGxFwUIajlk9k6CsH1DsW9+W8SPpmoJY0BglaW0lK6YH1w==",
			"dependencies": {
				"meilisearch": "^0.47.0"
			}
		},
		"node_modules/@popperjs/core": {
			"version": "2.11.8",
			"resolved": "https://registry.npmjs.org/@popperjs/core/-/core-2.11.8.tgz",
			"integrity": "sha512-P1st0aksCrn9sGZhp8GMYwBnQsbvAWsZAX44oXNNvLHGqAOcoVxmjZiohstwQ7SqKnbR47akdNi+uleWD8+g6A==",
			"funding": {
				"type": "opencollective",
				"url": "https://opencollective.com/popperjs"
			}
		},
		"node_modules/@types/dom-speech-recognition": {
			"version": "0.0.1",
			"resolved": "https://registry.npmjs.org/@types/dom-speech-recognition/-/dom-speech-recognition-0.0.1.tgz",
			"integrity": "sha512-udCxb8DvjcDKfk1WTBzDsxFbLgYxmQGKrE/ricoMqHRNjSlSUCcamVTA5lIQqzY10mY5qCY0QDwBfFEwhfoDPw=="
		},
		"node_modules/@types/google.maps": {
			"version": "3.57.0",
			"resolved": "https://registry.npmjs.org/@types/google.maps/-/google.maps-3.57.0.tgz",
			"integrity": "sha512-8X/HqaUXob25aVslslO84p9ESInpOQd3lMxW085IxqZZ1opRuFfwx2/c1JIUFVvCkkK+sCQHFDJ+Kw60Gsi1qA=="
		},
		"node_modules/@types/hogan.js": {
			"version": "3.0.5",
			"resolved": "https://registry.npmjs.org/@types/hogan.js/-/hogan.js-3.0.5.tgz",
			"integrity": "sha512-/uRaY3HGPWyLqOyhgvW9Aa43BNnLZrNeQxl2p8wqId4UHMfPKolSB+U7BlZyO1ng7MkLnyEAItsBzCG0SDhqrA=="
		},
		"node_modules/@types/qs": {
			"version": "6.9.11",
			"resolved": "https://registry.npmjs.org/@types/qs/-/qs-6.9.11.tgz",
			"integrity": "sha512-oGk0gmhnEJK4Yyk+oI7EfXsLayXatCWPHary1MtcmbAifkobT9cM9yutG/hZKIseOU0MqbIwQ/u2nn/Gb+ltuQ=="
		},
		"node_modules/abbrev": {
			"version": "1.1.1",
			"resolved": "https://registry.npmjs.org/abbrev/-/abbrev-1.1.1.tgz",
			"integrity": "sha512-nne9/IiQ/hzIhY6pdDnbBtz7DjPTKrY00P/zvPSm5pOFkl6xuGrGnXn/VtTNNfNtAfZ9/1RtehkszU9qcTii0Q=="
		},
		"node_modules/algoliasearch": {
			"version": "5.19.0",
			"resolved": "https://registry.npmjs.org/algoliasearch/-/algoliasearch-5.19.0.tgz",
			"integrity": "sha512-zrLtGhC63z3sVLDDKGW+SlCRN9eJHFTgdEmoAOpsVh6wgGL1GgTTDou7tpCBjevzgIvi3AIyDAQO3Xjbg5eqZg==",
			"peer": true,
			"dependencies": {
				"@algolia/client-abtesting": "5.19.0",
				"@algolia/client-analytics": "5.19.0",
				"@algolia/client-common": "5.19.0",
				"@algolia/client-insights": "5.19.0",
				"@algolia/client-personalization": "5.19.0",
				"@algolia/client-query-suggestions": "5.19.0",
				"@algolia/client-search": "5.19.0",
				"@algolia/ingestion": "1.19.0",
				"@algolia/monitoring": "1.19.0",
				"@algolia/recommend": "5.19.0",
				"@algolia/requester-browser-xhr": "5.19.0",
				"@algolia/requester-fetch": "5.19.0",
				"@algolia/requester-node-http": "5.19.0"
			},
			"engines": {
				"node": ">= 14.0.0"
			}
		},
		"node_modules/algoliasearch-helper": {
			"version": "3.23.0",
			"resolved": "https://registry.npmjs.org/algoliasearch-helper/-/algoliasearch-helper-3.23.0.tgz",
			"integrity": "sha512-8CK4Gb/ju4OesAYcS+mjBpNiVA7ILWpg7D2vhBZohh0YkG8QT1KZ9LG+8+EntQBUGoKtPy06OFhiwP4f5zzAQg==",
			"dependencies": {
				"@algolia/events": "^4.0.1"
			},
			"peerDependencies": {
				"algoliasearch": ">= 3.1 < 6"
			}
		},
		"node_modules/balanced-match": {
			"version": "1.0.2",
			"resolved": "https://registry.npmjs.org/balanced-match/-/balanced-match-1.0.2.tgz",
			"integrity": "sha512-3oSeUO0TMV67hN1AmbXsK4yaqU7tjiHlbxRDZOpH0KW9+CeX4bRAaX0Anxt0tx2MrpRpWwQaPwIlISEJhYU5Pw==",
			"dev": true
		},
		"node_modules/brace-expansion": {
			"version": "1.1.11",
			"resolved": "https://registry.npmjs.org/brace-expansion/-/brace-expansion-1.1.11.tgz",
			"integrity": "sha512-iCuPHDFgrHX7H2vEI/5xpz07zSHB00TpugqhmYtVmMO6518mCuRMoOYFldEBl0g187ufozdaHgWKcYFb61qGiA==",
			"dev": true,
			"dependencies": {
				"balanced-match": "^1.0.0",
				"concat-map": "0.0.1"
			}
		},
		"node_modules/cli": {
			"version": "1.0.1",
			"resolved": "https://registry.npmjs.org/cli/-/cli-1.0.1.tgz",
			"integrity": "sha512-41U72MB56TfUMGndAKK8vJ78eooOD4Z5NOL4xEfjc0c23s+6EYKXlXsmACBVclLP1yOfWCgEganVzddVrSNoTg==",
			"dev": true,
			"dependencies": {
				"exit": "0.1.2",
				"glob": "^7.1.1"
			},
			"engines": {
				"node": ">=0.2.5"
			}
		},
		"node_modules/concat-map": {
			"version": "0.0.1",
			"resolved": "https://registry.npmjs.org/concat-map/-/concat-map-0.0.1.tgz",
			"integrity": "sha512-/Srv4dswyQNBfohGpz9o6Yb3Gz3SrUDqBH5rTuhGR7ahtlbYKnVxw2bCFMRljaA7EXHaXZ8wsHdodFvbkhKmqg==",
			"dev": true
		},
		"node_modules/console-browserify": {
			"version": "1.1.0",
			"resolved": "https://registry.npmjs.org/console-browserify/-/console-browserify-1.1.0.tgz",
			"integrity": "sha512-duS7VP5pvfsNLDvL1O4VOEbw37AI3A4ZUQYemvDlnpGrNu9tprR7BYWpDYwC0Xia0Zxz5ZupdiIrUp0GH1aXfg==",
			"dev": true,
			"dependencies": {
				"date-now": "^0.1.4"
			}
		},
		"node_modules/core-util-is": {
			"version": "1.0.3",
			"resolved": "https://registry.npmjs.org/core-util-is/-/core-util-is-1.0.3.tgz",
			"integrity": "sha512-ZQBvi1DcpJ4GDqanjucZ2Hj3wEO5pZDS89BWbkcrvdxksJorwUDDZamX9ldFkp9aw2lmBDLgkObEA4DWNJ9FYQ==",
			"dev": true
		},
		"node_modules/date-now": {
			"version": "0.1.4",
			"resolved": "https://registry.npmjs.org/date-now/-/date-now-0.1.4.tgz",
			"integrity": "sha512-AsElvov3LoNB7tf5k37H2jYSB+ZZPMT5sG2QjJCcdlV5chIv6htBUBUui2IKRjgtKAKtCBN7Zbwa+MtwLjSeNw==",
			"dev": true
		},
		"node_modules/dom-serializer": {
			"version": "0.2.2",
			"resolved": "https://registry.npmjs.org/dom-serializer/-/dom-serializer-0.2.2.tgz",
			"integrity": "sha512-2/xPb3ORsQ42nHYiSunXkDjPLBaEj/xTwUO4B7XCZQTRk7EBtTOPaygh10YAAh2OI1Qrp6NWfpAhzswj0ydt9g==",
			"dev": true,
			"dependencies": {
				"domelementtype": "^2.0.1",
				"entities": "^2.0.0"
			}
		},
		"node_modules/dom-serializer/node_modules/domelementtype": {
			"version": "2.3.0",
			"resolved": "https://registry.npmjs.org/domelementtype/-/domelementtype-2.3.0.tgz",
			"integrity": "sha512-OLETBj6w0OsagBwdXnPdN0cnMfF9opN69co+7ZrbfPGrdpPVNBUj02spi6B1N7wChLQiPn4CSH/zJvXw56gmHw==",
			"dev": true,
			"funding": [
				{
					"type": "github",
					"url": "https://github.com/sponsors/fb55"
				}
			]
		},
		"node_modules/dom-serializer/node_modules/entities": {
			"version": "2.2.0",
			"resolved": "https://registry.npmjs.org/entities/-/entities-2.2.0.tgz",
			"integrity": "sha512-p92if5Nz619I0w+akJrLZH0MX0Pb5DX39XOwQTtXSdQQOaYH03S1uIQp4mhOZtAXrxq4ViO67YTiLBo2638o9A==",
			"dev": true,
			"funding": {
				"url": "https://github.com/fb55/entities?sponsor=1"
			}
		},
		"node_modules/domelementtype": {
			"version": "1.3.1",
			"resolved": "https://registry.npmjs.org/domelementtype/-/domelementtype-1.3.1.tgz",
			"integrity": "sha512-BSKB+TSpMpFI/HOxCNr1O8aMOTZ8hT3pM3GQ0w/mWRmkhEDSFJkkyzz4XQsBV44BChwGkrDfMyjVD0eA2aFV3w==",
			"dev": true
		},
		"node_modules/domhandler": {
			"version": "2.3.0",
			"resolved": "https://registry.npmjs.org/domhandler/-/domhandler-2.3.0.tgz",
			"integrity": "sha512-q9bUwjfp7Eif8jWxxxPSykdRZAb6GkguBGSgvvCrhI9wB71W2K/Kvv4E61CF/mcCfnVJDeDWx/Vb/uAqbDj6UQ==",
			"dev": true,
			"dependencies": {
				"domelementtype": "1"
			}
		},
		"node_modules/domutils": {
			"version": "1.5.1",
			"resolved": "https://registry.npmjs.org/domutils/-/domutils-1.5.1.tgz",
			"integrity": "sha512-gSu5Oi/I+3wDENBsOWBiRK1eoGxcywYSqg3rR960/+EfY0CF4EX1VPkgHOZ3WiS/Jg2DtliF6BhWcHlfpYUcGw==",
			"dev": true,
			"dependencies": {
				"dom-serializer": "0",
				"domelementtype": "1"
			}
		},
		"node_modules/entities": {
			"version": "1.0.0",
			"resolved": "https://registry.npmjs.org/entities/-/entities-1.0.0.tgz",
			"integrity": "sha512-LbLqfXgJMmy81t+7c14mnulFHJ170cM6E+0vMXR9k/ZiZwgX8i5pNgjTCX3SO4VeUsFLV+8InixoretwU+MjBQ==",
			"dev": true
		},
		"node_modules/exit": {
			"version": "0.1.2",
			"resolved": "https://registry.npmjs.org/exit/-/exit-0.1.2.tgz",
			"integrity": "sha512-Zk/eNKV2zbjpKzrsQ+n1G6poVbErQxJ0LBOJXaKZ1EViLzH+hrLu9cdXI4zw9dBQJslwBEpbQ2P1oS7nDxs6jQ==",
			"dev": true,
			"engines": {
				"node": ">= 0.8.0"
			}
		},
		"node_modules/fs.realpath": {
			"version": "1.0.0",
			"resolved": "https://registry.npmjs.org/fs.realpath/-/fs.realpath-1.0.0.tgz",
			"integrity": "sha512-OO0pH2lK6a0hZnAdau5ItzHPI6pUlvI7jMVnxUQRtw4owF2wk8lOSabtGDCTP4Ggrg2MbGnWO9X8K1t4+fGMDw==",
			"dev": true
		},
		"node_modules/fullcalendar": {
			"version": "6.1.15",
			"resolved": "https://registry.npmjs.org/fullcalendar/-/fullcalendar-6.1.15.tgz",
			"integrity": "sha512-CFnh1yswjRh9puJVDk8VGwTlyZ6eXxr4qLI7QCA0+bozyAm+BluP1US5mOtgk0gEq23nQxGSNDoBvAraz++saQ==",
			"dependencies": {
				"@fullcalendar/core": "~6.1.15",
				"@fullcalendar/daygrid": "~6.1.15",
				"@fullcalendar/interaction": "~6.1.15",
				"@fullcalendar/list": "~6.1.15",
				"@fullcalendar/multimonth": "~6.1.15",
				"@fullcalendar/timegrid": "~6.1.15"
			}
		},
		"node_modules/glob": {
			"version": "7.2.3",
			"resolved": "https://registry.npmjs.org/glob/-/glob-7.2.3.tgz",
			"integrity": "sha512-nFR0zLpU2YCaRxwoCJvL6UvCH2JFyFVIvwTLsIf21AuHlMskA1hhTdk+LlYJtOlYt9v6dvszD2BGRqBL+iQK9Q==",
			"dev": true,
			"dependencies": {
				"fs.realpath": "^1.0.0",
				"inflight": "^1.0.4",
				"inherits": "2",
				"minimatch": "^3.1.1",
				"once": "^1.3.0",
				"path-is-absolute": "^1.0.0"
			},
			"engines": {
				"node": "*"
			},
			"funding": {
				"url": "https://github.com/sponsors/isaacs"
			}
		},
		"node_modules/glob/node_modules/minimatch": {
			"version": "3.1.2",
			"resolved": "https://registry.npmjs.org/minimatch/-/minimatch-3.1.2.tgz",
			"integrity": "sha512-J7p63hRiAjw1NDEww1W7i37+ByIrOWO5XQQAzZ3VOcL0PNybwpfmV/N05zFAzwQ9USyEcX6t3UO+K5aqBQOIHw==",
			"dev": true,
			"dependencies": {
				"brace-expansion": "^1.1.7"
			},
			"engines": {
				"node": "*"
			}
		},
		"node_modules/hogan.js": {
			"version": "3.0.2",
			"resolved": "https://registry.npmjs.org/hogan.js/-/hogan.js-3.0.2.tgz",
			"integrity": "sha512-RqGs4wavGYJWE07t35JQccByczmNUXQT0E12ZYV1VKYu5UiAU9lsos/yBAcf840+zrUQQxgVduCR5/B8nNtibg==",
			"dependencies": {
				"mkdirp": "0.3.0",
				"nopt": "1.0.10"
			},
			"bin": {
				"hulk": "bin/hulk"
			}
		},
		"node_modules/htm": {
			"version": "3.1.1",
			"resolved": "https://registry.npmjs.org/htm/-/htm-3.1.1.tgz",
			"integrity": "sha512-983Vyg8NwUE7JkZ6NmOqpCZ+sh1bKv2iYTlUkzlWmA5JD2acKoxd4KVxbMmxX/85mtfdnDmTFoNKcg5DGAvxNQ=="
		},
		"node_modules/htmlparser2": {
			"version": "3.8.3",
			"resolved": "https://registry.npmjs.org/htmlparser2/-/htmlparser2-3.8.3.tgz",
			"integrity": "sha512-hBxEg3CYXe+rPIua8ETe7tmG3XDn9B0edOE/e9wH2nLczxzgdu0m0aNHY+5wFZiviLWLdANPJTssa92dMcXQ5Q==",
			"dev": true,
			"dependencies": {
				"domelementtype": "1",
				"domhandler": "2.3",
				"domutils": "1.5",
				"entities": "1.0",
				"readable-stream": "1.1"
			}
		},
		"node_modules/ical.js": {
			"version": "1.5.0",
			"resolved": "https://registry.npmjs.org/ical.js/-/ical.js-1.5.0.tgz",
			"integrity": "sha512-7ZxMkogUkkaCx810yp0ZGKvq1ZpRgJeornPttpoxe6nYZ3NLesZe1wWMXDdwTkj/b5NtXT+Y16Aakph/ao98ZQ==",
			"license": "MPL-2.0"
		},
		"node_modules/inflight": {
			"version": "1.0.6",
			"resolved": "https://registry.npmjs.org/inflight/-/inflight-1.0.6.tgz",
			"integrity": "sha512-k92I/b08q4wvFscXCLvqfsHCrjrF7yiXsQuIVvVE7N82W3+aqpzuUdBbfhWcy/FZR3/4IgflMgKLOsvPDrGCJA==",
			"dev": true,
			"dependencies": {
				"once": "^1.3.0",
				"wrappy": "1"
			}
		},
		"node_modules/inherits": {
			"version": "2.0.4",
			"resolved": "https://registry.npmjs.org/inherits/-/inherits-2.0.4.tgz",
			"integrity": "sha512-k/vGaX4/Yla3WzyMCvTQOXYeIHvqOKtnqBduzTHpzpQZzAskKMhZ2K+EnBiSM9zGSoIFeMpXKxa4dYeZIQqewQ==",
			"dev": true
		},
		"node_modules/instantsearch-ui-components": {
			"version": "0.11.0",
			"resolved": "https://registry.npmjs.org/instantsearch-ui-components/-/instantsearch-ui-components-0.11.0.tgz",
			"integrity": "sha512-qKGXWK32MIXj6zw4bIxj+JRMcCOvOmf1dnRgyM9J1vqQR3tyh69qzDQ2hojDF2s7LsvWeKo3QpvkoP7rjkCybg==",
			"dependencies": {
				"@babel/runtime": "^7.1.2"
			}
		},
		"node_modules/instantsearch.js": {
			"version": "4.77.0",
			"resolved": "https://registry.npmjs.org/instantsearch.js/-/instantsearch.js-4.77.0.tgz",
			"integrity": "sha512-b0tzO7+Ugutm9o7x19qa/aQcKY+NaC2cpukOmDeWp0y0cwDyz00DfUuzcmK+DpoU1u1CgHjolRd1JVdDr2OWnA==",
			"dependencies": {
				"@algolia/events": "^4.0.1",
				"@types/dom-speech-recognition": "^0.0.1",
				"@types/google.maps": "^3.55.12",
				"@types/hogan.js": "^3.0.0",
				"@types/qs": "^6.5.3",
				"algoliasearch-helper": "3.23.0",
				"hogan.js": "^3.0.2",
				"htm": "^3.0.0",
				"instantsearch-ui-components": "0.11.0",
				"preact": "^10.10.0",
				"qs": "^6.5.1 < 6.10",
				"search-insights": "^2.17.2"
			},
			"peerDependencies": {
				"algoliasearch": ">= 3.1 < 6"
			}
		},
		"node_modules/isarray": {
			"version": "0.0.1",
			"resolved": "https://registry.npmjs.org/isarray/-/isarray-0.0.1.tgz",
			"integrity": "sha512-D2S+3GLxWH+uhrNEcoh/fnmYeP8E8/zHl644d/jdA0g2uyXvy3sb0qxotE+ne0LtccHknQzWwZEzhak7oJ0COQ==",
			"dev": true
		},
		"node_modules/jshint": {
			"version": "2.13.6",
			"resolved": "https://registry.npmjs.org/jshint/-/jshint-2.13.6.tgz",
			"integrity": "sha512-IVdB4G0NTTeQZrBoM8C5JFVLjV2KtZ9APgybDA1MK73xb09qFs0jCXyQLnCOp1cSZZZbvhq/6mfXHUTaDkffuQ==",
			"dev": true,
			"dependencies": {
				"cli": "~1.0.0",
				"console-browserify": "1.1.x",
				"exit": "0.1.x",
				"htmlparser2": "3.8.x",
				"lodash": "~4.17.21",
				"minimatch": "~3.0.2",
				"strip-json-comments": "1.0.x"
			},
			"bin": {
				"jshint": "bin/jshint"
			}
		},
		"node_modules/lodash": {
			"version": "4.17.21",
			"resolved": "https://registry.npmjs.org/lodash/-/lodash-4.17.21.tgz",
			"integrity": "sha512-v2kDEe57lecTulaDIuNTPy3Ry4gLGJ6Z1O3vE1krgXZNrsQ+LFTGHVxVjcXPs17LhbZVGedAJv8XZ1tvj5FvSg==",
			"dev": true
		},
		"node_modules/marked": {
			"version": "15.0.6",
			"resolved": "https://registry.npmjs.org/marked/-/marked-15.0.6.tgz",
			"integrity": "sha512-Y07CUOE+HQXbVDCGl3LXggqJDbXDP2pArc2C1N1RRMN0ONiShoSsIInMd5Gsxupe7fKLpgimTV+HOJ9r7bA+pg==",
			"bin": {
				"marked": "bin/marked.js"
			},
			"engines": {
				"node": ">= 18"
			}
		},
		"node_modules/meilisearch": {
			"version": "0.47.0",
			"resolved": "https://registry.npmjs.org/meilisearch/-/meilisearch-0.47.0.tgz",
			"integrity": "sha512-Qq+hatuDJ0z5c+szVb0O/uI7Z2jfMUjj8eNB6xPyKp9Og7GVnrOZJRVoDPqGoVY484Iwh+F61y2UreIetda00w=="
		},
		"node_modules/minimatch": {
			"version": "3.0.8",
			"resolved": "https://registry.npmjs.org/minimatch/-/minimatch-3.0.8.tgz",
			"integrity": "sha512-6FsRAQsxQ61mw+qP1ZzbL9Bc78x2p5OqNgNpnoAFLTrX8n5Kxph0CsnhmKKNXTWjXqU5L0pGPR7hYk+XWZr60Q==",
			"dev": true,
			"dependencies": {
				"brace-expansion": "^1.1.7"
			},
			"engines": {
				"node": "*"
			}
		},
		"node_modules/mkdirp": {
			"version": "0.3.0",
			"resolved": "https://registry.npmjs.org/mkdirp/-/mkdirp-0.3.0.tgz",
			"integrity": "sha512-OHsdUcVAQ6pOtg5JYWpCBo9W/GySVuwvP9hueRMW7UqshC0tbfzLv8wjySTPm3tfUZ/21CE9E1pJagOA91Pxew==",
			"deprecated": "Legacy versions of mkdirp are no longer supported. Please update to mkdirp 1.x. (Note that the API surface has changed to use Promises in 1.x.)",
			"engines": {
				"node": "*"
			}
		},
		"node_modules/nopt": {
			"version": "1.0.10",
			"resolved": "https://registry.npmjs.org/nopt/-/nopt-1.0.10.tgz",
			"integrity": "sha512-NWmpvLSqUrgrAC9HCuxEvb+PSloHpqVu+FqcO4eeF2h5qYRhA7ev6KvelyQAKtegUbC6RypJnlEOhd8vloNKYg==",
			"dependencies": {
				"abbrev": "1"
			},
			"bin": {
				"nopt": "bin/nopt.js"
			},
			"engines": {
				"node": "*"
			}
		},
		"node_modules/once": {
			"version": "1.4.0",
			"resolved": "https://registry.npmjs.org/once/-/once-1.4.0.tgz",
			"integrity": "sha512-lNaJgI+2Q5URQBkccEKHTQOPaXdUxnZZElQTZY0MFUAuaEqe1E+Nyvgdz/aIyNi6Z9MzO5dv1H8n58/GELp3+w==",
			"dev": true,
			"dependencies": {
				"wrappy": "1"
			}
		},
		"node_modules/path-is-absolute": {
			"version": "1.0.1",
			"resolved": "https://registry.npmjs.org/path-is-absolute/-/path-is-absolute-1.0.1.tgz",
			"integrity": "sha512-AVbw3UJ2e9bq64vSaS9Am0fje1Pa8pbGqTTsmXfaIiMpnr5DlDhfJOuLj9Sf95ZPVDAUerDfEk88MPmPe7UCQg==",
			"dev": true,
			"engines": {
				"node": ">=0.10.0"
			}
		},
		"node_modules/preact": {
			"version": "10.12.1",
			"resolved": "https://registry.npmjs.org/preact/-/preact-10.12.1.tgz",
			"integrity": "sha512-l8386ixSsBdbreOAkqtrwqHwdvR35ID8c3rKPa8lCWuO86dBi32QWHV4vfsZK1utLLFMvw+Z5Ad4XLkZzchscg==",
			"funding": {
				"type": "opencollective",
				"url": "https://opencollective.com/preact"
			}
		},
		"node_modules/qs": {
			"version": "6.9.7",
			"resolved": "https://registry.npmjs.org/qs/-/qs-6.9.7.tgz",
			"integrity": "sha512-IhMFgUmuNpyRfxA90umL7ByLlgRXu6tIfKPpF5TmcfRLlLCckfP/g3IQmju6jjpu+Hh8rA+2p6A27ZSPOOHdKw==",
			"engines": {
				"node": ">=0.6"
			},
			"funding": {
				"url": "https://github.com/sponsors/ljharb"
			}
		},
		"node_modules/readable-stream": {
			"version": "1.1.14",
			"resolved": "https://registry.npmjs.org/readable-stream/-/readable-stream-1.1.14.tgz",
			"integrity": "sha512-+MeVjFf4L44XUkhM1eYbD8fyEsxcV81pqMSR5gblfcLCHfZvbrqy4/qYHE+/R5HoBUT11WV5O08Cr1n3YXkWVQ==",
			"dev": true,
			"dependencies": {
				"core-util-is": "~1.0.0",
				"inherits": "~2.0.1",
				"isarray": "0.0.1",
				"string_decoder": "~0.10.x"
			}
		},
		"node_modules/regenerator-runtime": {
			"version": "0.14.1",
			"resolved": "https://registry.npmjs.org/regenerator-runtime/-/regenerator-runtime-0.14.1.tgz",
			"integrity": "sha512-dYnhHh0nJoMfnkZs6GmmhFknAGRrLznOu5nc9ML+EJxGvrx6H7teuevqVqCuPcPK//3eDrrjQhehXVx9cnkGdw=="
		},
		"node_modules/search-insights": {
			"version": "2.17.3",
			"resolved": "https://registry.npmjs.org/search-insights/-/search-insights-2.17.3.tgz",
			"integrity": "sha512-RQPdCYTa8A68uM2jwxoY842xDhvx3E5LFL1LxvxCNMev4o5mLuokczhzjAgGwUZBAmOKZknArSxLKmXtIi2AxQ=="
		},
		"node_modules/string_decoder": {
			"version": "0.10.31",
			"resolved": "https://registry.npmjs.org/string_decoder/-/string_decoder-0.10.31.tgz",
			"integrity": "sha512-ev2QzSzWPYmy9GuqfIVildA4OdcGLeFZQrq5ys6RtiuF+RQQiZWr8TZNyAcuVXyQRYfEO+MsoB/1BuQVhOJuoQ==",
			"dev": true
		},
		"node_modules/strip-json-comments": {
			"version": "1.0.4",
			"resolved": "https://registry.npmjs.org/strip-json-comments/-/strip-json-comments-1.0.4.tgz",
			"integrity": "sha512-AOPG8EBc5wAikaG1/7uFCNFJwnKOuQwFTpYBdTW6OvWHeZBQBrAA/amefHGrEiOnCPcLFZK6FUPtWVKpQVIRgg==",
			"dev": true,
			"bin": {
				"strip-json-comments": "cli.js"
			},
			"engines": {
				"node": ">=0.8.0"
			}
		},
		"node_modules/tippy.js": {
			"version": "6.3.7",
			"resolved": "https://registry.npmjs.org/tippy.js/-/tippy.js-6.3.7.tgz",
			"integrity": "sha512-E1d3oP2emgJ9dRQZdf3Kkn0qJgI6ZLpyS5z6ZkY1DF3kaQaBsGZsndEpHwx+eC+tYM41HaSNvNtLx8tU57FzTQ==",
			"dependencies": {
				"@popperjs/core": "^2.9.0"
			}
		},
		"node_modules/wrappy": {
			"version": "1.0.2",
			"resolved": "https://registry.npmjs.org/wrappy/-/wrappy-1.0.2.tgz",
			"integrity": "sha512-l4Sp/DRseor9wL6EvV2+TuQn63dMkPjZ/sp9XkghTEbV9KlPS1xUsZ3u7/IQO4wxtcFB4bgpQPRcR3QCvezPcQ==",
			"dev": true
		}
	}
}
