{
	"name": "rotaract-appointments",
	"lockfileVersion": 3,
	"requires": true,
	"packages": {
		"": {
			"name": "rotaract-appointments",
			"license": "EUPL-1.2",
			"dependencies": {
				"@fullcalendar/icalendar": "^6.1.19",
				"@meilisearch/instant-meilisearch": "^0.29.0",
				"fullcalendar": "^6.1.19",
				"ical.js": "^1.5.0",
				"instantsearch.js": "^4.80.0",
				"marked": "^16.4.1",
				"tippy.js": "^6.3.7"
			},
			"devDependencies": {
				"jshint": "^2.13.6"
			}
		},
		"node_modules/@ai-sdk/gateway": {
			"version": "2.0.3",
			"resolved": "https://registry.npmjs.org/@ai-sdk/gateway/-/gateway-2.0.3.tgz",
			"integrity": "sha512-/vCoMKtod+A74/BbkWsaAflWKz1ovhX5lmJpIaXQXtd6gyexZncjotBTbFM8rVJT9LKJ/Kx7iVVo3vh+KT+IJg==",
			"license": "Apache-2.0",
			"dependencies": {
				"@ai-sdk/provider": "2.0.0",
				"@ai-sdk/provider-utils": "3.0.14",
				"@vercel/oidc": "3.0.3"
			},
			"engines": {
				"node": ">=18"
			},
			"peerDependencies": {
				"zod": "^3.25.76 || ^4.1.8"
			}
		},
		"node_modules/@ai-sdk/provider": {
			"version": "2.0.0",
			"resolved": "https://registry.npmjs.org/@ai-sdk/provider/-/provider-2.0.0.tgz",
			"integrity": "sha512-6o7Y2SeO9vFKB8lArHXehNuusnpddKPk7xqL7T2/b+OvXMRIXUO1rR4wcv1hAFUAT9avGZshty3Wlua/XA7TvA==",
			"license": "Apache-2.0",
			"dependencies": {
				"json-schema": "^0.4.0"
			},
			"engines": {
				"node": ">=18"
			}
		},
		"node_modules/@ai-sdk/provider-utils": {
			"version": "3.0.14",
			"resolved": "https://registry.npmjs.org/@ai-sdk/provider-utils/-/provider-utils-3.0.14.tgz",
			"integrity": "sha512-CYRU6L7IlR7KslSBVxvlqlybQvXJln/PI57O8swhOaDIURZbjRP2AY3igKgUsrmWqqnFFUHP+AwTN8xqJAknnA==",
			"license": "Apache-2.0",
			"dependencies": {
				"@ai-sdk/provider": "2.0.0",
				"@standard-schema/spec": "^1.0.0",
				"eventsource-parser": "^3.0.5"
			},
			"engines": {
				"node": ">=18"
			},
			"peerDependencies": {
				"zod": "^3.25.76 || ^4.1.8"
			}
		},
		"node_modules/@algolia/abtesting": {
			"version": "1.7.0",
			"resolved": "https://registry.npmjs.org/@algolia/abtesting/-/abtesting-1.7.0.tgz",
			"integrity": "sha512-hOEItTFOvNLI6QX6TSGu7VE4XcUcdoKZT8NwDY+5mWwu87rGhkjlY7uesKTInlg6Sh8cyRkDBYRumxbkoBbBhA==",
			"license": "MIT",
			"peer": true,
			"dependencies": {
				"@algolia/client-common": "5.41.0",
				"@algolia/requester-browser-xhr": "5.41.0",
				"@algolia/requester-fetch": "5.41.0",
				"@algolia/requester-node-http": "5.41.0"
			},
			"engines": {
				"node": ">= 14.0.0"
			}
		},
		"node_modules/@algolia/client-abtesting": {
			"version": "5.41.0",
			"resolved": "https://registry.npmjs.org/@algolia/client-abtesting/-/client-abtesting-5.41.0.tgz",
			"integrity": "sha512-iRuvbEyuHCAhIMkyzG3tfINLxTS7mSKo7q8mQF+FbQpWenlAlrXnfZTN19LRwnVjx0UtAdZq96ThMWGS6cQ61A==",
			"license": "MIT",
			"peer": true,
			"dependencies": {
				"@algolia/client-common": "5.41.0",
				"@algolia/requester-browser-xhr": "5.41.0",
				"@algolia/requester-fetch": "5.41.0",
				"@algolia/requester-node-http": "5.41.0"
			},
			"engines": {
				"node": ">= 14.0.0"
			}
		},
		"node_modules/@algolia/client-analytics": {
			"version": "5.41.0",
			"resolved": "https://registry.npmjs.org/@algolia/client-analytics/-/client-analytics-5.41.0.tgz",
			"integrity": "sha512-OIPVbGfx/AO8l1V70xYTPSeTt/GCXPEl6vQICLAXLCk9WOUbcLGcy6t8qv0rO7Z7/M/h9afY6Af8JcnI+FBFdQ==",
			"license": "MIT",
			"peer": true,
			"dependencies": {
				"@algolia/client-common": "5.41.0",
				"@algolia/requester-browser-xhr": "5.41.0",
				"@algolia/requester-fetch": "5.41.0",
				"@algolia/requester-node-http": "5.41.0"
			},
			"engines": {
				"node": ">= 14.0.0"
			}
		},
		"node_modules/@algolia/client-common": {
			"version": "5.41.0",
			"resolved": "https://registry.npmjs.org/@algolia/client-common/-/client-common-5.41.0.tgz",
			"integrity": "sha512-8Mc9niJvfuO8dudWN5vSUlYkz7U3M3X3m1crDLc9N7FZrIVoNGOUETPk3TTHviJIh9y6eKZKbq1hPGoGY9fqPA==",
			"license": "MIT",
			"peer": true,
			"engines": {
				"node": ">= 14.0.0"
			}
		},
		"node_modules/@algolia/client-insights": {
			"version": "5.41.0",
			"resolved": "https://registry.npmjs.org/@algolia/client-insights/-/client-insights-5.41.0.tgz",
			"integrity": "sha512-vXzvCGZS6Ixxn+WyzGUVDeR3HO/QO5POeeWy1kjNJbEf6f+tZSI+OiIU9Ha+T3ntV8oXFyBEuweygw4OLmgfiQ==",
			"license": "MIT",
			"peer": true,
			"dependencies": {
				"@algolia/client-common": "5.41.0",
				"@algolia/requester-browser-xhr": "5.41.0",
				"@algolia/requester-fetch": "5.41.0",
				"@algolia/requester-node-http": "5.41.0"
			},
			"engines": {
				"node": ">= 14.0.0"
			}
		},
		"node_modules/@algolia/client-personalization": {
			"version": "5.41.0",
			"resolved": "https://registry.npmjs.org/@algolia/client-personalization/-/client-personalization-5.41.0.tgz",
			"integrity": "sha512-tkymXhmlcc7w/HEvLRiHcpHxLFcUB+0PnE9FcG6hfFZ1ZXiWabH+sX+uukCVnluyhfysU9HRU2kUmUWfucx1Dg==",
			"license": "MIT",
			"peer": true,
			"dependencies": {
				"@algolia/client-common": "5.41.0",
				"@algolia/requester-browser-xhr": "5.41.0",
				"@algolia/requester-fetch": "5.41.0",
				"@algolia/requester-node-http": "5.41.0"
			},
			"engines": {
				"node": ">= 14.0.0"
			}
		},
		"node_modules/@algolia/client-query-suggestions": {
			"version": "5.41.0",
			"resolved": "https://registry.npmjs.org/@algolia/client-query-suggestions/-/client-query-suggestions-5.41.0.tgz",
			"integrity": "sha512-vyXDoz3kEZnosNeVQQwf0PbBt5IZJoHkozKRIsYfEVm+ylwSDFCW08qy2YIVSHdKy69/rWN6Ue/6W29GgVlmKQ==",
			"license": "MIT",
			"peer": true,
			"dependencies": {
				"@algolia/client-common": "5.41.0",
				"@algolia/requester-browser-xhr": "5.41.0",
				"@algolia/requester-fetch": "5.41.0",
				"@algolia/requester-node-http": "5.41.0"
			},
			"engines": {
				"node": ">= 14.0.0"
			}
		},
		"node_modules/@algolia/client-search": {
			"version": "5.41.0",
			"resolved": "https://registry.npmjs.org/@algolia/client-search/-/client-search-5.41.0.tgz",
			"integrity": "sha512-G9I2atg1ShtFp0t7zwleP6aPS4DcZvsV4uoQOripp16aR6VJzbEnKFPLW4OFXzX7avgZSpYeBAS+Zx4FOgmpPw==",
			"license": "MIT",
			"peer": true,
			"dependencies": {
				"@algolia/client-common": "5.41.0",
				"@algolia/requester-browser-xhr": "5.41.0",
				"@algolia/requester-fetch": "5.41.0",
				"@algolia/requester-node-http": "5.41.0"
			},
			"engines": {
				"node": ">= 14.0.0"
			}
		},
		"node_modules/@algolia/events": {
			"version": "4.0.1",
			"resolved": "https://registry.npmjs.org/@algolia/events/-/events-4.0.1.tgz",
			"integrity": "sha512-FQzvOCgoFXAbf5Y6mYozw2aj5KCJoA3m4heImceldzPSMbdyS4atVjJzXKMsfX3wnZTFYwkkt8/z8UesLHlSBQ==",
			"license": "MIT"
		},
		"node_modules/@algolia/ingestion": {
			"version": "1.41.0",
			"resolved": "https://registry.npmjs.org/@algolia/ingestion/-/ingestion-1.41.0.tgz",
			"integrity": "sha512-sxU/ggHbZtmrYzTkueTXXNyifn+ozsLP+Wi9S2hOBVhNWPZ8uRiDTDcFyL7cpCs1q72HxPuhzTP5vn4sUl74cQ==",
			"license": "MIT",
			"peer": true,
			"dependencies": {
				"@algolia/client-common": "5.41.0",
				"@algolia/requester-browser-xhr": "5.41.0",
				"@algolia/requester-fetch": "5.41.0",
				"@algolia/requester-node-http": "5.41.0"
			},
			"engines": {
				"node": ">= 14.0.0"
			}
		},
		"node_modules/@algolia/monitoring": {
			"version": "1.41.0",
			"resolved": "https://registry.npmjs.org/@algolia/monitoring/-/monitoring-1.41.0.tgz",
			"integrity": "sha512-UQ86R6ixraHUpd0hn4vjgTHbViNO8+wA979gJmSIsRI3yli2v89QSFF/9pPcADR6PbtSio/99PmSNxhZy+CR3Q==",
			"license": "MIT",
			"peer": true,
			"dependencies": {
				"@algolia/client-common": "5.41.0",
				"@algolia/requester-browser-xhr": "5.41.0",
				"@algolia/requester-fetch": "5.41.0",
				"@algolia/requester-node-http": "5.41.0"
			},
			"engines": {
				"node": ">= 14.0.0"
			}
		},
		"node_modules/@algolia/recommend": {
			"version": "5.41.0",
			"resolved": "https://registry.npmjs.org/@algolia/recommend/-/recommend-5.41.0.tgz",
			"integrity": "sha512-DxP9P8jJ8whJOnvmyA5mf1wv14jPuI0L25itGfOHSU6d4ZAjduVfPjTS3ROuUN5CJoTdlidYZE+DtfWHxJwyzQ==",
			"license": "MIT",
			"peer": true,
			"dependencies": {
				"@algolia/client-common": "5.41.0",
				"@algolia/requester-browser-xhr": "5.41.0",
				"@algolia/requester-fetch": "5.41.0",
				"@algolia/requester-node-http": "5.41.0"
			},
			"engines": {
				"node": ">= 14.0.0"
			}
		},
		"node_modules/@algolia/requester-browser-xhr": {
			"version": "5.41.0",
			"resolved": "https://registry.npmjs.org/@algolia/requester-browser-xhr/-/requester-browser-xhr-5.41.0.tgz",
			"integrity": "sha512-C21J+LYkE48fDwtLX7YXZd2Fn7Fe0/DOEtvohSfr/ODP8dGDhy9faaYeWB0n1AvmZltugjkjAXT7xk0CYNIXsQ==",
			"license": "MIT",
			"peer": true,
			"dependencies": {
				"@algolia/client-common": "5.41.0"
			},
			"engines": {
				"node": ">= 14.0.0"
			}
		},
		"node_modules/@algolia/requester-fetch": {
			"version": "5.41.0",
			"resolved": "https://registry.npmjs.org/@algolia/requester-fetch/-/requester-fetch-5.41.0.tgz",
			"integrity": "sha512-FhJy/+QJhMx1Hajf2LL8og4J7SqOAHiAuUXq27cct4QnPhSIuIGROzeRpfDNH5BUbq22UlMuGd44SeD4HRAqvA==",
			"license": "MIT",
			"peer": true,
			"dependencies": {
				"@algolia/client-common": "5.41.0"
			},
			"engines": {
				"node": ">= 14.0.0"
			}
		},
		"node_modules/@algolia/requester-node-http": {
			"version": "5.41.0",
			"resolved": "https://registry.npmjs.org/@algolia/requester-node-http/-/requester-node-http-5.41.0.tgz",
			"integrity": "sha512-tYv3rGbhBS0eZ5D8oCgV88iuWILROiemk+tQ3YsAKZv2J4kKUNvKkrX/If/SreRy4MGP2uJzMlyKcfSfO2mrsQ==",
			"license": "MIT",
			"peer": true,
			"dependencies": {
				"@algolia/client-common": "5.41.0"
			},
			"engines": {
				"node": ">= 14.0.0"
			}
		},
		"node_modules/@babel/runtime": {
			"version": "7.28.4",
			"resolved": "https://registry.npmjs.org/@babel/runtime/-/runtime-7.28.4.tgz",
			"integrity": "sha512-Q/N6JNWvIvPnLDvjlE1OUBLPQHH6l3CltCEsHIujp45zQUSSh8K+gHnaEX45yAT1nyngnINhvWtzN+Nb9D8RAQ==",
			"license": "MIT",
			"engines": {
				"node": ">=6.9.0"
			}
		},
		"node_modules/@fullcalendar/core": {
			"version": "6.1.19",
			"resolved": "https://registry.npmjs.org/@fullcalendar/core/-/core-6.1.19.tgz",
			"integrity": "sha512-z0aVlO5e4Wah6p6mouM0UEqtRf1MZZPt4mwzEyU6kusaNL+dlWQgAasF2cK23hwT4cmxkEmr4inULXgpyeExdQ==",
			"license": "MIT",
			"dependencies": {
				"preact": "~10.12.1"
			}
		},
		"node_modules/@fullcalendar/daygrid": {
			"version": "6.1.19",
			"resolved": "https://registry.npmjs.org/@fullcalendar/daygrid/-/daygrid-6.1.19.tgz",
			"integrity": "sha512-IAAfnMICnVWPjpT4zi87i3FEw0xxSza0avqY/HedKEz+l5MTBYvCDPOWDATpzXoLut3aACsjktIyw9thvIcRYQ==",
			"license": "MIT",
			"peerDependencies": {
				"@fullcalendar/core": "~6.1.19"
			}
		},
		"node_modules/@fullcalendar/icalendar": {
			"version": "6.1.19",
			"resolved": "https://registry.npmjs.org/@fullcalendar/icalendar/-/icalendar-6.1.19.tgz",
			"integrity": "sha512-uaJnTP99cM2ZiFmYaSLfayX9TmF0DklIf2SpgwMDCMEqtNYm+TbCotDUrfMDWVFYPr4uCHk0TjlM5mS3U3wB9g==",
			"license": "MIT",
			"peerDependencies": {
				"@fullcalendar/core": "~6.1.19",
				"ical.js": "^1.4.0"
			}
		},
		"node_modules/@fullcalendar/interaction": {
			"version": "6.1.19",
			"resolved": "https://registry.npmjs.org/@fullcalendar/interaction/-/interaction-6.1.19.tgz",
			"integrity": "sha512-GOciy79xe8JMVp+1evAU3ytdwN/7tv35t5i1vFkifiuWcQMLC/JnLg/RA2s4sYmQwoYhTw/p4GLcP0gO5B3X5w==",
			"license": "MIT",
			"peerDependencies": {
				"@fullcalendar/core": "~6.1.19"
			}
		},
		"node_modules/@fullcalendar/list": {
			"version": "6.1.19",
			"resolved": "https://registry.npmjs.org/@fullcalendar/list/-/list-6.1.19.tgz",
			"integrity": "sha512-knZHpAVF0LbzZpSJSUmLUUzF0XlU/MRGK+Py2s0/mP93bCtno1k2L3XPs/kzh528hSjehwLm89RgKTSfW1P6cA==",
			"license": "MIT",
			"peerDependencies": {
				"@fullcalendar/core": "~6.1.19"
			}
		},
		"node_modules/@fullcalendar/multimonth": {
			"version": "6.1.19",
			"resolved": "https://registry.npmjs.org/@fullcalendar/multimonth/-/multimonth-6.1.19.tgz",
			"integrity": "sha512-YYP8o/tjNLFRKhelwiq5ja3Jm3WDf3bfOUHf32JvAWwfotCvZjD7tYv66Nj02mQ8OWWJINa2EQGJxFHgIs14aA==",
			"license": "MIT",
			"dependencies": {
				"@fullcalendar/daygrid": "~6.1.19"
			},
			"peerDependencies": {
				"@fullcalendar/core": "~6.1.19"
			}
		},
		"node_modules/@fullcalendar/timegrid": {
			"version": "6.1.19",
			"resolved": "https://registry.npmjs.org/@fullcalendar/timegrid/-/timegrid-6.1.19.tgz",
			"integrity": "sha512-OuzpUueyO9wB5OZ8rs7TWIoqvu4v3yEqdDxZ2VcsMldCpYJRiOe7yHWKr4ap5Tb0fs7Rjbserc/b6Nt7ol6BRg==",
			"license": "MIT",
			"dependencies": {
				"@fullcalendar/daygrid": "~6.1.19"
			},
			"peerDependencies": {
				"@fullcalendar/core": "~6.1.19"
			}
		},
		"node_modules/@meilisearch/instant-meilisearch": {
			"version": "0.29.0",
			"resolved": "https://registry.npmjs.org/@meilisearch/instant-meilisearch/-/instant-meilisearch-0.29.0.tgz",
			"integrity": "sha512-CaHXwO5CezagRFOmbGm9Xww2HWisxbUhbw0CrU4hv24RkUwvKXgaUqPKD8XJ0XRcDe+yeBCYYUvqOfgTmEbSfg==",
			"license": "MIT",
			"dependencies": {
				"meilisearch": "0.54"
			}
		},
		"node_modules/@opentelemetry/api": {
			"version": "1.9.0",
			"resolved": "https://registry.npmjs.org/@opentelemetry/api/-/api-1.9.0.tgz",
			"integrity": "sha512-3giAOQvZiH5F9bMlMiv8+GSPMeqg0dbaeo58/0SlA9sxSqZhnUtxzX9/2FzyhS9sWQf5S0GJE0AKBrFqjpeYcg==",
			"license": "Apache-2.0",
			"engines": {
				"node": ">=8.0.0"
			}
		},
		"node_modules/@popperjs/core": {
			"version": "2.11.8",
			"resolved": "https://registry.npmjs.org/@popperjs/core/-/core-2.11.8.tgz",
			"integrity": "sha512-P1st0aksCrn9sGZhp8GMYwBnQsbvAWsZAX44oXNNvLHGqAOcoVxmjZiohstwQ7SqKnbR47akdNi+uleWD8+g6A==",
			"license": "MIT",
			"funding": {
				"type": "opencollective",
				"url": "https://opencollective.com/popperjs"
			}
		},
		"node_modules/@standard-schema/spec": {
			"version": "1.0.0",
			"resolved": "https://registry.npmjs.org/@standard-schema/spec/-/spec-1.0.0.tgz",
			"integrity": "sha512-m2bOd0f2RT9k8QJx1JN85cZYyH1RqFBdlwtkSlf4tBDYLCiiZnv1fIIwacK6cqwXavOydf0NPToMQgpKq+dVlA==",
			"license": "MIT"
		},
		"node_modules/@types/dom-speech-recognition": {
			"version": "0.0.1",
			"resolved": "https://registry.npmjs.org/@types/dom-speech-recognition/-/dom-speech-recognition-0.0.1.tgz",
			"integrity": "sha512-udCxb8DvjcDKfk1WTBzDsxFbLgYxmQGKrE/ricoMqHRNjSlSUCcamVTA5lIQqzY10mY5qCY0QDwBfFEwhfoDPw==",
			"license": "MIT"
		},
		"node_modules/@types/google.maps": {
			"version": "3.58.1",
			"resolved": "https://registry.npmjs.org/@types/google.maps/-/google.maps-3.58.1.tgz",
			"integrity": "sha512-X9QTSvGJ0nCfMzYOnaVs/k6/4L+7F5uCS+4iUmkLEls6J9S/Phv+m/i3mDeyc49ZBgwab3EFO1HEoBY7k98EGQ==",
			"license": "MIT"
		},
		"node_modules/@types/hogan.js": {
			"version": "3.0.5",
			"resolved": "https://registry.npmjs.org/@types/hogan.js/-/hogan.js-3.0.5.tgz",
			"integrity": "sha512-/uRaY3HGPWyLqOyhgvW9Aa43BNnLZrNeQxl2p8wqId4UHMfPKolSB+U7BlZyO1ng7MkLnyEAItsBzCG0SDhqrA==",
			"license": "MIT"
		},
		"node_modules/@types/qs": {
			"version": "6.14.0",
			"resolved": "https://registry.npmjs.org/@types/qs/-/qs-6.14.0.tgz",
			"integrity": "sha512-eOunJqu0K1923aExK6y8p6fsihYEn/BYuQ4g0CxAAgFc4b/ZLN4CrsRZ55srTdqoiLzU2B2evC+apEIxprEzkQ==",
			"license": "MIT"
		},
		"node_modules/@vercel/oidc": {
			"version": "3.0.3",
			"resolved": "https://registry.npmjs.org/@vercel/oidc/-/oidc-3.0.3.tgz",
			"integrity": "sha512-yNEQvPcVrK9sIe637+I0jD6leluPxzwJKx/Haw6F4H77CdDsszUn5V3o96LPziXkSNE2B83+Z3mjqGKBK/R6Gg==",
			"license": "Apache-2.0",
			"engines": {
				"node": ">= 20"
			}
		},
		"node_modules/abbrev": {
			"version": "1.1.1",
			"resolved": "https://registry.npmjs.org/abbrev/-/abbrev-1.1.1.tgz",
			"integrity": "sha512-nne9/IiQ/hzIhY6pdDnbBtz7DjPTKrY00P/zvPSm5pOFkl6xuGrGnXn/VtTNNfNtAfZ9/1RtehkszU9qcTii0Q==",
			"license": "ISC"
		},
		"node_modules/ai": {
			"version": "5.0.82",
			"resolved": "https://registry.npmjs.org/ai/-/ai-5.0.82.tgz",
			"integrity": "sha512-wmZZfsU40qB77umrcj3YzMSk6cUP5gxLXZDPfiSQLBLegTVXPUdSJC603tR7JB5JkhBDzN5VLaliuRKQGKpUXg==",
			"license": "Apache-2.0",
			"dependencies": {
				"@ai-sdk/gateway": "2.0.3",
				"@ai-sdk/provider": "2.0.0",
				"@ai-sdk/provider-utils": "3.0.14",
				"@opentelemetry/api": "1.9.0"
			},
			"engines": {
				"node": ">=18"
			},
			"peerDependencies": {
				"zod": "^3.25.76 || ^4.1.8"
			}
		},
		"node_modules/algoliasearch": {
			"version": "5.41.0",
			"resolved": "https://registry.npmjs.org/algoliasearch/-/algoliasearch-5.41.0.tgz",
			"integrity": "sha512-9E4b3rJmYbBkn7e3aAPt1as+VVnRhsR4qwRRgOzpeyz4PAOuwKh0HI4AN6mTrqK0S0M9fCCSTOUnuJ8gPY/tvA==",
			"license": "MIT",
			"peer": true,
			"dependencies": {
				"@algolia/abtesting": "1.7.0",
				"@algolia/client-abtesting": "5.41.0",
				"@algolia/client-analytics": "5.41.0",
				"@algolia/client-common": "5.41.0",
				"@algolia/client-insights": "5.41.0",
				"@algolia/client-personalization": "5.41.0",
				"@algolia/client-query-suggestions": "5.41.0",
				"@algolia/client-search": "5.41.0",
				"@algolia/ingestion": "1.41.0",
				"@algolia/monitoring": "1.41.0",
				"@algolia/recommend": "5.41.0",
				"@algolia/requester-browser-xhr": "5.41.0",
				"@algolia/requester-fetch": "5.41.0",
				"@algolia/requester-node-http": "5.41.0"
			},
			"engines": {
				"node": ">= 14.0.0"
			}
		},
		"node_modules/algoliasearch-helper": {
			"version": "3.26.0",
			"resolved": "https://registry.npmjs.org/algoliasearch-helper/-/algoliasearch-helper-3.26.0.tgz",
			"integrity": "sha512-Rv2x3GXleQ3ygwhkhJubhhYGsICmShLAiqtUuJTUkr9uOCOXyF2E71LVT4XDnVffbknv8XgScP4U0Oxtgm+hIw==",
			"license": "MIT",
			"dependencies": {
				"@algolia/events": "^4.0.1"
			},
			"peerDependencies": {
				"algoliasearch": ">= 3.1 < 6"
			}
		},
		"node_modules/balanced-match": {
			"version": "1.0.2",
			"resolved": "https://registry.npmjs.org/balanced-match/-/balanced-match-1.0.2.tgz",
			"integrity": "sha512-3oSeUO0TMV67hN1AmbXsK4yaqU7tjiHlbxRDZOpH0KW9+CeX4bRAaX0Anxt0tx2MrpRpWwQaPwIlISEJhYU5Pw==",
			"dev": true,
			"license": "MIT"
		},
		"node_modules/brace-expansion": {
			"version": "1.1.12",
			"resolved": "https://registry.npmjs.org/brace-expansion/-/brace-expansion-1.1.12.tgz",
			"integrity": "sha512-9T9UjW3r0UW5c1Q7GTwllptXwhvYmEzFhzMfZ9H7FQWt+uZePjZPjBP/W1ZEyZ1twGWom5/56TF4lPcqjnDHcg==",
			"dev": true,
			"license": "MIT",
			"dependencies": {
				"balanced-match": "^1.0.0",
				"concat-map": "0.0.1"
			}
		},
		"node_modules/cli": {
			"version": "1.0.1",
			"resolved": "https://registry.npmjs.org/cli/-/cli-1.0.1.tgz",
			"integrity": "sha512-41U72MB56TfUMGndAKK8vJ78eooOD4Z5NOL4xEfjc0c23s+6EYKXlXsmACBVclLP1yOfWCgEganVzddVrSNoTg==",
			"dev": true,
			"license": "MIT",
			"dependencies": {
				"exit": "0.1.2",
				"glob": "^7.1.1"
			},
			"engines": {
				"node": ">=0.2.5"
			}
		},
		"node_modules/concat-map": {
			"version": "0.0.1",
			"resolved": "https://registry.npmjs.org/concat-map/-/concat-map-0.0.1.tgz",
			"integrity": "sha512-/Srv4dswyQNBfohGpz9o6Yb3Gz3SrUDqBH5rTuhGR7ahtlbYKnVxw2bCFMRljaA7EXHaXZ8wsHdodFvbkhKmqg==",
			"dev": true,
			"license": "MIT"
		},
		"node_modules/console-browserify": {
			"version": "1.1.0",
			"resolved": "https://registry.npmjs.org/console-browserify/-/console-browserify-1.1.0.tgz",
			"integrity": "sha512-duS7VP5pvfsNLDvL1O4VOEbw37AI3A4ZUQYemvDlnpGrNu9tprR7BYWpDYwC0Xia0Zxz5ZupdiIrUp0GH1aXfg==",
			"dev": true,
			"dependencies": {
				"date-now": "^0.1.4"
			}
		},
		"node_modules/core-util-is": {
			"version": "1.0.3",
			"resolved": "https://registry.npmjs.org/core-util-is/-/core-util-is-1.0.3.tgz",
			"integrity": "sha512-ZQBvi1DcpJ4GDqanjucZ2Hj3wEO5pZDS89BWbkcrvdxksJorwUDDZamX9ldFkp9aw2lmBDLgkObEA4DWNJ9FYQ==",
			"dev": true,
			"license": "MIT"
		},
		"node_modules/date-now": {
			"version": "0.1.4",
			"resolved": "https://registry.npmjs.org/date-now/-/date-now-0.1.4.tgz",
			"integrity": "sha512-AsElvov3LoNB7tf5k37H2jYSB+ZZPMT5sG2QjJCcdlV5chIv6htBUBUui2IKRjgtKAKtCBN7Zbwa+MtwLjSeNw==",
			"dev": true
		},
		"node_modules/dom-serializer": {
			"version": "0.2.2",
			"resolved": "https://registry.npmjs.org/dom-serializer/-/dom-serializer-0.2.2.tgz",
			"integrity": "sha512-2/xPb3ORsQ42nHYiSunXkDjPLBaEj/xTwUO4B7XCZQTRk7EBtTOPaygh10YAAh2OI1Qrp6NWfpAhzswj0ydt9g==",
			"dev": true,
			"license": "MIT",
			"dependencies": {
				"domelementtype": "^2.0.1",
				"entities": "^2.0.0"
			}
		},
		"node_modules/dom-serializer/node_modules/domelementtype": {
			"version": "2.3.0",
			"resolved": "https://registry.npmjs.org/domelementtype/-/domelementtype-2.3.0.tgz",
			"integrity": "sha512-OLETBj6w0OsagBwdXnPdN0cnMfF9opN69co+7ZrbfPGrdpPVNBUj02spi6B1N7wChLQiPn4CSH/zJvXw56gmHw==",
			"dev": true,
			"funding": [
				{
					"type": "github",
					"url": "https://github.com/sponsors/fb55"
				}
			],
			"license": "BSD-2-Clause"
		},
		"node_modules/dom-serializer/node_modules/entities": {
			"version": "2.2.0",
			"resolved": "https://registry.npmjs.org/entities/-/entities-2.2.0.tgz",
			"integrity": "sha512-p92if5Nz619I0w+akJrLZH0MX0Pb5DX39XOwQTtXSdQQOaYH03S1uIQp4mhOZtAXrxq4ViO67YTiLBo2638o9A==",
			"dev": true,
			"license": "BSD-2-Clause",
			"funding": {
				"url": "https://github.com/fb55/entities?sponsor=1"
			}
		},
		"node_modules/domelementtype": {
			"version": "1.3.1",
			"resolved": "https://registry.npmjs.org/domelementtype/-/domelementtype-1.3.1.tgz",
			"integrity": "sha512-BSKB+TSpMpFI/HOxCNr1O8aMOTZ8hT3pM3GQ0w/mWRmkhEDSFJkkyzz4XQsBV44BChwGkrDfMyjVD0eA2aFV3w==",
			"dev": true,
			"license": "BSD-2-Clause"
		},
		"node_modules/domhandler": {
			"version": "2.3.0",
			"resolved": "https://registry.npmjs.org/domhandler/-/domhandler-2.3.0.tgz",
			"integrity": "sha512-q9bUwjfp7Eif8jWxxxPSykdRZAb6GkguBGSgvvCrhI9wB71W2K/Kvv4E61CF/mcCfnVJDeDWx/Vb/uAqbDj6UQ==",
			"dev": true,
			"dependencies": {
				"domelementtype": "1"
			}
		},
		"node_modules/domutils": {
			"version": "1.5.1",
			"resolved": "https://registry.npmjs.org/domutils/-/domutils-1.5.1.tgz",
			"integrity": "sha512-gSu5Oi/I+3wDENBsOWBiRK1eoGxcywYSqg3rR960/+EfY0CF4EX1VPkgHOZ3WiS/Jg2DtliF6BhWcHlfpYUcGw==",
			"dev": true,
			"dependencies": {
				"dom-serializer": "0",
				"domelementtype": "1"
			}
		},
		"node_modules/entities": {
			"version": "1.0.0",
			"resolved": "https://registry.npmjs.org/entities/-/entities-1.0.0.tgz",
			"integrity": "sha512-LbLqfXgJMmy81t+7c14mnulFHJ170cM6E+0vMXR9k/ZiZwgX8i5pNgjTCX3SO4VeUsFLV+8InixoretwU+MjBQ==",
			"dev": true,
			"license": "BSD-like"
		},
		"node_modules/eventsource-parser": {
			"version": "3.0.6",
			"resolved": "https://registry.npmjs.org/eventsource-parser/-/eventsource-parser-3.0.6.tgz",
			"integrity": "sha512-Vo1ab+QXPzZ4tCa8SwIHJFaSzy4R6SHf7BY79rFBDf0idraZWAkYrDjDj8uWaSm3S2TK+hJ7/t1CEmZ7jXw+pg==",
			"license": "MIT",
			"engines": {
				"node": ">=18.0.0"
			}
		},
		"node_modules/exit": {
			"version": "0.1.2",
			"resolved": "https://registry.npmjs.org/exit/-/exit-0.1.2.tgz",
			"integrity": "sha512-Zk/eNKV2zbjpKzrsQ+n1G6poVbErQxJ0LBOJXaKZ1EViLzH+hrLu9cdXI4zw9dBQJslwBEpbQ2P1oS7nDxs6jQ==",
			"dev": true,
			"engines": {
				"node": ">= 0.8.0"
			}
		},
		"node_modules/fs.realpath": {
			"version": "1.0.0",
			"resolved": "https://registry.npmjs.org/fs.realpath/-/fs.realpath-1.0.0.tgz",
			"integrity": "sha512-OO0pH2lK6a0hZnAdau5ItzHPI6pUlvI7jMVnxUQRtw4owF2wk8lOSabtGDCTP4Ggrg2MbGnWO9X8K1t4+fGMDw==",
			"dev": true,
			"license": "ISC"
		},
		"node_modules/fullcalendar": {
			"version": "6.1.19",
			"resolved": "https://registry.npmjs.org/fullcalendar/-/fullcalendar-6.1.19.tgz",
			"integrity": "sha512-/DsMLYyU1kdOVojaV+ITNH2cHlHtyt6X3m4P6hhH0kwfHZpQbXajJnDbnFIufu/BdE9YcknMRPJj3R7FbPkg1A==",
			"license": "MIT",
			"dependencies": {
				"@fullcalendar/core": "~6.1.19",
				"@fullcalendar/daygrid": "~6.1.19",
				"@fullcalendar/interaction": "~6.1.19",
				"@fullcalendar/list": "~6.1.19",
				"@fullcalendar/multimonth": "~6.1.19",
				"@fullcalendar/timegrid": "~6.1.19"
			}
		},
		"node_modules/glob": {
			"version": "7.2.3",
			"resolved": "https://registry.npmjs.org/glob/-/glob-7.2.3.tgz",
			"integrity": "sha512-nFR0zLpU2YCaRxwoCJvL6UvCH2JFyFVIvwTLsIf21AuHlMskA1hhTdk+LlYJtOlYt9v6dvszD2BGRqBL+iQK9Q==",
			"deprecated": "Glob versions prior to v9 are no longer supported",
			"dev": true,
			"license": "ISC",
			"dependencies": {
				"fs.realpath": "^1.0.0",
				"inflight": "^1.0.4",
				"inherits": "2",
				"minimatch": "^3.1.1",
				"once": "^1.3.0",
				"path-is-absolute": "^1.0.0"
			},
			"engines": {
				"node": "*"
			},
			"funding": {
				"url": "https://github.com/sponsors/isaacs"
			}
		},
		"node_modules/glob/node_modules/minimatch": {
			"version": "3.1.2",
			"resolved": "https://registry.npmjs.org/minimatch/-/minimatch-3.1.2.tgz",
			"integrity": "sha512-J7p63hRiAjw1NDEww1W7i37+ByIrOWO5XQQAzZ3VOcL0PNybwpfmV/N05zFAzwQ9USyEcX6t3UO+K5aqBQOIHw==",
			"dev": true,
			"license": "ISC",
			"dependencies": {
				"brace-expansion": "^1.1.7"
			},
			"engines": {
				"node": "*"
			}
		},
		"node_modules/hogan.js": {
			"version": "3.0.2",
			"resolved": "https://registry.npmjs.org/hogan.js/-/hogan.js-3.0.2.tgz",
			"integrity": "sha512-RqGs4wavGYJWE07t35JQccByczmNUXQT0E12ZYV1VKYu5UiAU9lsos/yBAcf840+zrUQQxgVduCR5/B8nNtibg==",
			"dependencies": {
				"mkdirp": "0.3.0",
				"nopt": "1.0.10"
			},
			"bin": {
				"hulk": "bin/hulk"
			}
		},
		"node_modules/htm": {
			"version": "3.1.1",
			"resolved": "https://registry.npmjs.org/htm/-/htm-3.1.1.tgz",
			"integrity": "sha512-983Vyg8NwUE7JkZ6NmOqpCZ+sh1bKv2iYTlUkzlWmA5JD2acKoxd4KVxbMmxX/85mtfdnDmTFoNKcg5DGAvxNQ==",
			"license": "Apache-2.0"
		},
		"node_modules/htmlparser2": {
			"version": "3.8.3",
			"resolved": "https://registry.npmjs.org/htmlparser2/-/htmlparser2-3.8.3.tgz",
			"integrity": "sha512-hBxEg3CYXe+rPIua8ETe7tmG3XDn9B0edOE/e9wH2nLczxzgdu0m0aNHY+5wFZiviLWLdANPJTssa92dMcXQ5Q==",
			"dev": true,
			"license": "MIT",
			"dependencies": {
				"domelementtype": "1",
				"domhandler": "2.3",
				"domutils": "1.5",
				"entities": "1.0",
				"readable-stream": "1.1"
			}
		},
		"node_modules/ical.js": {
			"version": "1.5.0",
			"resolved": "https://registry.npmjs.org/ical.js/-/ical.js-1.5.0.tgz",
			"integrity": "sha512-7ZxMkogUkkaCx810yp0ZGKvq1ZpRgJeornPttpoxe6nYZ3NLesZe1wWMXDdwTkj/b5NtXT+Y16Aakph/ao98ZQ==",
			"license": "MPL-2.0"
		},
		"node_modules/inflight": {
			"version": "1.0.6",
			"resolved": "https://registry.npmjs.org/inflight/-/inflight-1.0.6.tgz",
			"integrity": "sha512-k92I/b08q4wvFscXCLvqfsHCrjrF7yiXsQuIVvVE7N82W3+aqpzuUdBbfhWcy/FZR3/4IgflMgKLOsvPDrGCJA==",
			"deprecated": "This module is not supported, and leaks memory. Do not use it. Check out lru-cache if you want a good and tested way to coalesce async requests by a key value, which is much more comprehensive and powerful.",
			"dev": true,
			"license": "ISC",
			"dependencies": {
				"once": "^1.3.0",
				"wrappy": "1"
			}
		},
		"node_modules/inherits": {
			"version": "2.0.4",
			"resolved": "https://registry.npmjs.org/inherits/-/inherits-2.0.4.tgz",
			"integrity": "sha512-k/vGaX4/Yla3WzyMCvTQOXYeIHvqOKtnqBduzTHpzpQZzAskKMhZ2K+EnBiSM9zGSoIFeMpXKxa4dYeZIQqewQ==",
			"dev": true,
			"license": "ISC"
		},
		"node_modules/instantsearch-ui-components": {
			"version": "0.12.0",
			"resolved": "https://registry.npmjs.org/instantsearch-ui-components/-/instantsearch-ui-components-0.12.0.tgz",
			"integrity": "sha512-WcyrNJ5sqeqAWLibztnssSKDhgFEdj4C1prZOHSCONxF+5RSfCsD0oqKiZrTMx3dlAL/Qx7eZxKhD56u5mxJMA==",
			"license": "MIT",
			"dependencies": {
				"@babel/runtime": "^7.27.6",
				"ai": "^5.0.18",
				"markdown-to-jsx": "^7.7.15",
				"zod": "^3.25.76 || ^4",
				"zod-to-json-schema": "3.24.6"
			}
		},
		"node_modules/instantsearch.js": {
			"version": "4.81.0",
			"resolved": "https://registry.npmjs.org/instantsearch.js/-/instantsearch.js-4.81.0.tgz",
			"integrity": "sha512-zyIUSrikpst5eaBMrruGRGmRHOHQciDyJ8UW7i4xhPVNRwxr5Ls/NBez9AdNne+7OvALCOeaTI3t9LoBQakWhw==",
			"license": "MIT",
			"dependencies": {
				"@algolia/events": "^4.0.1",
				"@types/dom-speech-recognition": "^0.0.1",
				"@types/google.maps": "^3.55.12",
				"@types/hogan.js": "^3.0.0",
				"@types/qs": "^6.5.3",
				"ai": "^5.0.18",
				"algoliasearch-helper": "3.26.0",
				"hogan.js": "^3.0.2",
				"htm": "^3.0.0",
				"instantsearch-ui-components": "0.12.0",
				"preact": "^10.10.0",
				"qs": "^6.5.1 < 6.10",
				"react": ">= 0.14.0",
				"search-insights": "^2.17.2",
				"zod": "^3.25.76 || ^4",
				"zod-to-json-schema": "3.24.6"
			},
			"peerDependencies": {
				"algoliasearch": ">= 3.1 < 6"
			}
		},
		"node_modules/isarray": {
			"version": "0.0.1",
			"resolved": "https://registry.npmjs.org/isarray/-/isarray-0.0.1.tgz",
			"integrity": "sha512-D2S+3GLxWH+uhrNEcoh/fnmYeP8E8/zHl644d/jdA0g2uyXvy3sb0qxotE+ne0LtccHknQzWwZEzhak7oJ0COQ==",
			"dev": true,
			"license": "MIT"
		},
		"node_modules/jshint": {
			"version": "2.13.6",
			"resolved": "https://registry.npmjs.org/jshint/-/jshint-2.13.6.tgz",
			"integrity": "sha512-IVdB4G0NTTeQZrBoM8C5JFVLjV2KtZ9APgybDA1MK73xb09qFs0jCXyQLnCOp1cSZZZbvhq/6mfXHUTaDkffuQ==",
			"dev": true,
			"license": "MIT",
			"dependencies": {
				"cli": "~1.0.0",
				"console-browserify": "1.1.x",
				"exit": "0.1.x",
				"htmlparser2": "3.8.x",
				"lodash": "~4.17.21",
				"minimatch": "~3.0.2",
				"strip-json-comments": "1.0.x"
			},
			"bin": {
				"jshint": "bin/jshint"
			}
		},
		"node_modules/json-schema": {
			"version": "0.4.0",
			"resolved": "https://registry.npmjs.org/json-schema/-/json-schema-0.4.0.tgz",
			"integrity": "sha512-es94M3nTIfsEPisRafak+HDLfHXnKBhV3vU5eqPcS3flIWqcxJWgXHXiey3YrpaNsanY5ei1VoYEbOzijuq9BA==",
			"license": "(AFL-2.1 OR BSD-3-Clause)"
		},
		"node_modules/lodash": {
			"version": "4.17.21",
			"resolved": "https://registry.npmjs.org/lodash/-/lodash-4.17.21.tgz",
			"integrity": "sha512-v2kDEe57lecTulaDIuNTPy3Ry4gLGJ6Z1O3vE1krgXZNrsQ+LFTGHVxVjcXPs17LhbZVGedAJv8XZ1tvj5FvSg==",
			"dev": true,
			"license": "MIT"
		},
		"node_modules/markdown-to-jsx": {
			"version": "7.7.17",
			"resolved": "https://registry.npmjs.org/markdown-to-jsx/-/markdown-to-jsx-7.7.17.tgz",
			"integrity": "sha512-7mG/1feQ0TX5I7YyMZVDgCC/y2I3CiEhIRQIhyov9nGBP5eoVrOXXHuL5ZP8GRfxVZKRiXWJgwXkb9It+nQZfQ==",
			"license": "MIT",
			"engines": {
				"node": ">= 10"
			},
			"peerDependencies": {
				"react": ">= 0.14.0"
			},
			"peerDependenciesMeta": {
				"react": {
					"optional": true
				}
			}
		},
		"node_modules/marked": {
			"version": "16.4.1",
			"resolved": "https://registry.npmjs.org/marked/-/marked-16.4.1.tgz",
			"integrity": "sha512-ntROs7RaN3EvWfy3EZi14H4YxmT6A5YvywfhO+0pm+cH/dnSQRmdAmoFIc3B9aiwTehyk7pESH4ofyBY+V5hZg==",
			"license": "MIT",
			"bin": {
				"marked": "bin/marked.js"
			},
			"engines": {
				"node": ">= 20"
			}
		},
		"node_modules/meilisearch": {
			"version": "0.54.0",
			"resolved": "https://registry.npmjs.org/meilisearch/-/meilisearch-0.54.0.tgz",
			"integrity": "sha512-b1bwJAEfj8C6hgSN88+/LvW3pe3nWC+thBS2seAbPZGakf/vzsLqppgZquiomzCr2GhU7U7H289625qhYe3rbw==",
			"license": "MIT"
		},
		"node_modules/minimatch": {
			"version": "3.0.8",
			"resolved": "https://registry.npmjs.org/minimatch/-/minimatch-3.0.8.tgz",
			"integrity": "sha512-6FsRAQsxQ61mw+qP1ZzbL9Bc78x2p5OqNgNpnoAFLTrX8n5Kxph0CsnhmKKNXTWjXqU5L0pGPR7hYk+XWZr60Q==",
			"dev": true,
			"license": "ISC",
			"dependencies": {
				"brace-expansion": "^1.1.7"
			},
			"engines": {
				"node": "*"
			}
		},
		"node_modules/mkdirp": {
			"version": "0.3.0",
			"resolved": "https://registry.npmjs.org/mkdirp/-/mkdirp-0.3.0.tgz",
			"integrity": "sha512-OHsdUcVAQ6pOtg5JYWpCBo9W/GySVuwvP9hueRMW7UqshC0tbfzLv8wjySTPm3tfUZ/21CE9E1pJagOA91Pxew==",
			"deprecated": "Legacy versions of mkdirp are no longer supported. Please update to mkdirp 1.x. (Note that the API surface has changed to use Promises in 1.x.)",
			"license": "MIT/X11",
			"engines": {
				"node": "*"
			}
		},
		"node_modules/nopt": {
			"version": "1.0.10",
			"resolved": "https://registry.npmjs.org/nopt/-/nopt-1.0.10.tgz",
			"integrity": "sha512-NWmpvLSqUrgrAC9HCuxEvb+PSloHpqVu+FqcO4eeF2h5qYRhA7ev6KvelyQAKtegUbC6RypJnlEOhd8vloNKYg==",
			"license": "MIT",
			"dependencies": {
				"abbrev": "1"
			},
			"bin": {
				"nopt": "bin/nopt.js"
			},
			"engines": {
				"node": "*"
			}
		},
		"node_modules/once": {
			"version": "1.4.0",
			"resolved": "https://registry.npmjs.org/once/-/once-1.4.0.tgz",
			"integrity": "sha512-lNaJgI+2Q5URQBkccEKHTQOPaXdUxnZZElQTZY0MFUAuaEqe1E+Nyvgdz/aIyNi6Z9MzO5dv1H8n58/GELp3+w==",
			"dev": true,
			"license": "ISC",
			"dependencies": {
				"wrappy": "1"
			}
		},
		"node_modules/path-is-absolute": {
			"version": "1.0.1",
			"resolved": "https://registry.npmjs.org/path-is-absolute/-/path-is-absolute-1.0.1.tgz",
			"integrity": "sha512-AVbw3UJ2e9bq64vSaS9Am0fje1Pa8pbGqTTsmXfaIiMpnr5DlDhfJOuLj9Sf95ZPVDAUerDfEk88MPmPe7UCQg==",
			"dev": true,
			"license": "MIT",
			"engines": {
				"node": ">=0.10.0"
			}
		},
		"node_modules/preact": {
			"version": "10.12.1",
			"resolved": "https://registry.npmjs.org/preact/-/preact-10.12.1.tgz",
			"integrity": "sha512-l8386ixSsBdbreOAkqtrwqHwdvR35ID8c3rKPa8lCWuO86dBi32QWHV4vfsZK1utLLFMvw+Z5Ad4XLkZzchscg==",
			"license": "MIT",
			"funding": {
				"type": "opencollective",
				"url": "https://opencollective.com/preact"
			}
		},
		"node_modules/qs": {
			"version": "6.9.7",
			"resolved": "https://registry.npmjs.org/qs/-/qs-6.9.7.tgz",
			"integrity": "sha512-IhMFgUmuNpyRfxA90umL7ByLlgRXu6tIfKPpF5TmcfRLlLCckfP/g3IQmju6jjpu+Hh8rA+2p6A27ZSPOOHdKw==",
			"license": "BSD-3-Clause",
			"engines": {
				"node": ">=0.6"
			},
			"funding": {
				"url": "https://github.com/sponsors/ljharb"
			}
		},
		"node_modules/react": {
			"version": "19.2.0",
			"resolved": "https://registry.npmjs.org/react/-/react-19.2.0.tgz",
			"integrity": "sha512-tmbWg6W31tQLeB5cdIBOicJDJRR2KzXsV7uSK9iNfLWQ5bIZfxuPEHp7M8wiHyHnn0DD1i7w3Zmin0FtkrwoCQ==",
			"license": "MIT",
			"engines": {
				"node": ">=0.10.0"
			}
		},
		"node_modules/readable-stream": {
			"version": "1.1.14",
			"resolved": "https://registry.npmjs.org/readable-stream/-/readable-stream-1.1.14.tgz",
			"integrity": "sha512-+MeVjFf4L44XUkhM1eYbD8fyEsxcV81pqMSR5gblfcLCHfZvbrqy4/qYHE+/R5HoBUT11WV5O08Cr1n3YXkWVQ==",
			"dev": true,
			"license": "MIT",
			"dependencies": {
				"core-util-is": "~1.0.0",
				"inherits": "~2.0.1",
				"isarray": "0.0.1",
				"string_decoder": "~0.10.x"
			}
		},
		"node_modules/search-insights": {
			"version": "2.17.3",
			"resolved": "https://registry.npmjs.org/search-insights/-/search-insights-2.17.3.tgz",
			"integrity": "sha512-RQPdCYTa8A68uM2jwxoY842xDhvx3E5LFL1LxvxCNMev4o5mLuokczhzjAgGwUZBAmOKZknArSxLKmXtIi2AxQ==",
			"license": "MIT"
		},
		"node_modules/string_decoder": {
			"version": "0.10.31",
			"resolved": "https://registry.npmjs.org/string_decoder/-/string_decoder-0.10.31.tgz",
			"integrity": "sha512-ev2QzSzWPYmy9GuqfIVildA4OdcGLeFZQrq5ys6RtiuF+RQQiZWr8TZNyAcuVXyQRYfEO+MsoB/1BuQVhOJuoQ==",
			"dev": true,
			"license": "MIT"
		},
		"node_modules/strip-json-comments": {
			"version": "1.0.4",
			"resolved": "https://registry.npmjs.org/strip-json-comments/-/strip-json-comments-1.0.4.tgz",
			"integrity": "sha512-AOPG8EBc5wAikaG1/7uFCNFJwnKOuQwFTpYBdTW6OvWHeZBQBrAA/amefHGrEiOnCPcLFZK6FUPtWVKpQVIRgg==",
			"dev": true,
			"license": "MIT",
			"bin": {
				"strip-json-comments": "cli.js"
			},
			"engines": {
				"node": ">=0.8.0"
			}
		},
		"node_modules/tippy.js": {
			"version": "6.3.7",
			"resolved": "https://registry.npmjs.org/tippy.js/-/tippy.js-6.3.7.tgz",
			"integrity": "sha512-E1d3oP2emgJ9dRQZdf3Kkn0qJgI6ZLpyS5z6ZkY1DF3kaQaBsGZsndEpHwx+eC+tYM41HaSNvNtLx8tU57FzTQ==",
			"license": "MIT",
			"dependencies": {
				"@popperjs/core": "^2.9.0"
			}
		},
		"node_modules/wrappy": {
			"version": "1.0.2",
			"resolved": "https://registry.npmjs.org/wrappy/-/wrappy-1.0.2.tgz",
			"integrity": "sha512-l4Sp/DRseor9wL6EvV2+TuQn63dMkPjZ/sp9XkghTEbV9KlPS1xUsZ3u7/IQO4wxtcFB4bgpQPRcR3QCvezPcQ==",
			"dev": true,
			"license": "ISC"
		},
		"node_modules/zod": {
			"version": "3.25.76",
			"resolved": "https://registry.npmjs.org/zod/-/zod-3.25.76.tgz",
			"integrity": "sha512-gzUt/qt81nXsFGKIFcC3YnfEAx5NkunCfnDlvuBSSFS02bcXu4Lmea0AFIUwbLWxWPx3d9p8S5QoaujKcNQxcQ==",
			"license": "MIT",
			"funding": {
				"url": "https://github.com/sponsors/colinhacks"
			}
		},
		"node_modules/zod-to-json-schema": {
			"version": "3.24.6",
			"resolved": "https://registry.npmjs.org/zod-to-json-schema/-/zod-to-json-schema-3.24.6.tgz",
			"integrity": "sha512-h/z3PKvcTcTetyjl1fkj79MHNEjm+HpD6NXheWjzOekY7kV+lwDYnHw+ivHkijnCSMz1yJaWBD9vu/Fcmk+vEg==",
			"license": "ISC",
			"peerDependencies": {
				"zod": "^3.24.1"
			}
		}
	}
}
